{
  "version": 4,
  "terraform_version": "1.9.7",
  "serial": 92,
  "lineage": "fac25d7f-1bc0-d1ce-d41d-586301bf42cf",
  "outputs": {
    "public_ip": {
      "value": "74.225.190.132",
      "type": "string"
    },
    "vm_id": {
      "value": "/subscriptions/ed8a2935-a70e-4e89-be56-c1efb9bd4e7e/resourceGroups/tfrg3/providers/Microsoft.Compute/virtualMachines/tfrg3virtualname",
      "type": "string"
    }
  },
  "resources": [
    {
      "module": "module.network",
      "mode": "managed",
      "type": "azurerm_network_interface",
      "name": "tfrg3_nic",
      "provider": "provider[\"registry.terraform.io/hashicorp/azurerm\"]",
      "instances": [
        {
          "schema_version": 0,
          "attributes": {
            "accelerated_networking_enabled": false,
            "applied_dns_servers": [],
            "auxiliary_mode": "",
            "auxiliary_sku": "",
            "dns_servers": [],
            "edge_zone": "",
            "id": "/subscriptions/ed8a2935-a70e-4e89-be56-c1efb9bd4e7e/resourceGroups/tfrg3/providers/Microsoft.Network/networkInterfaces/tfrg3nic",
            "internal_dns_name_label": "",
            "internal_domain_name_suffix": "merr5vbsbekunc5vbcezulweqf.rx.internal.cloudapp.net",
            "ip_configuration": [
              {
                "gateway_load_balancer_frontend_ip_configuration_id": "",
                "name": "internal",
                "primary": true,
                "private_ip_address": "10.0.0.4",
                "private_ip_address_allocation": "Dynamic",
                "private_ip_address_version": "IPv4",
                "public_ip_address_id": "/subscriptions/ed8a2935-a70e-4e89-be56-c1efb9bd4e7e/resourceGroups/tfrg3/providers/Microsoft.Network/publicIPAddresses/tfrg3nic-public-ip",
                "subnet_id": "/subscriptions/ed8a2935-a70e-4e89-be56-c1efb9bd4e7e/resourceGroups/tfrg3/providers/Microsoft.Network/virtualNetworks/tfrg3vnet/subnets/tfrg3subnet"
              }
            ],
            "ip_forwarding_enabled": false,
            "location": "centralindia",
            "mac_address": "7C-1E-52-0F-39-14",
            "name": "tfrg3nic",
            "private_ip_address": "10.0.0.4",
            "private_ip_addresses": [
              "10.0.0.4"
            ],
            "resource_group_name": "tfrg3",
            "tags": {},
            "timeouts": null,
            "virtual_machine_id": "/subscriptions/ed8a2935-a70e-4e89-be56-c1efb9bd4e7e/resourceGroups/tfrg3/providers/Microsoft.Compute/virtualMachines/tfrg3virtualname"
          },
          "sensitive_attributes": [],
          "private": "eyJlMmJmYjczMC1lY2FhLTExZTYtOGY4OC0zNDM2M2JjN2M0YzAiOnsiY3JlYXRlIjoxODAwMDAwMDAwMDAwLCJkZWxldGUiOjE4MDAwMDAwMDAwMDAsInJlYWQiOjMwMDAwMDAwMDAwMCwidXBkYXRlIjoxODAwMDAwMDAwMDAwfX0=",
          "dependencies": [
            "module.network.azurerm_public_ip.public_ip",
            "module.network.azurerm_resource_group.module_rg",
            "module.network.azurerm_subnet.module_subnet",
            "module.network.azurerm_virtual_network.module_vnet"
          ]
        }
      ]
    },
    {
      "module": "module.network",
      "mode": "managed",
      "type": "azurerm_network_interface_security_group_association",
      "name": "module_nic",
      "provider": "provider[\"registry.terraform.io/hashicorp/azurerm\"]",
      "instances": [
        {
          "schema_version": 0,
          "attributes": {
            "id": "/subscriptions/ed8a2935-a70e-4e89-be56-c1efb9bd4e7e/resourceGroups/tfrg3/providers/Microsoft.Network/networkInterfaces/tfrg3nic|/subscriptions/ed8a2935-a70e-4e89-be56-c1efb9bd4e7e/resourceGroups/tfrg3/providers/Microsoft.Network/networkSecurityGroups/tfrg3-nsg",
            "network_interface_id": "/subscriptions/ed8a2935-a70e-4e89-be56-c1efb9bd4e7e/resourceGroups/tfrg3/providers/Microsoft.Network/networkInterfaces/tfrg3nic",
            "network_security_group_id": "/subscriptions/ed8a2935-a70e-4e89-be56-c1efb9bd4e7e/resourceGroups/tfrg3/providers/Microsoft.Network/networkSecurityGroups/tfrg3-nsg",
            "timeouts": null
          },
          "sensitive_attributes": [],
          "private": "eyJlMmJmYjczMC1lY2FhLTExZTYtOGY4OC0zNDM2M2JjN2M0YzAiOnsiY3JlYXRlIjoxODAwMDAwMDAwMDAwLCJkZWxldGUiOjE4MDAwMDAwMDAwMDAsInJlYWQiOjMwMDAwMDAwMDAwMH19",
          "dependencies": [
            "module.network.azurerm_network_interface.tfrg3_nic",
            "module.network.azurerm_network_security_group.tfrg3_nsg",
            "module.network.azurerm_public_ip.public_ip",
            "module.network.azurerm_resource_group.module_rg",
            "module.network.azurerm_subnet.module_subnet",
            "module.network.azurerm_virtual_network.module_vnet"
          ]
        }
      ]
    },
    {
      "module": "module.network",
      "mode": "managed",
      "type": "azurerm_network_security_group",
      "name": "tfrg3_nsg",
      "provider": "provider[\"registry.terraform.io/hashicorp/azurerm\"]",
      "instances": [
        {
          "schema_version": 0,
          "attributes": {
            "id": "/subscriptions/ed8a2935-a70e-4e89-be56-c1efb9bd4e7e/resourceGroups/tfrg3/providers/Microsoft.Network/networkSecurityGroups/tfrg3-nsg",
            "location": "centralindia",
            "name": "tfrg3-nsg",
            "resource_group_name": "tfrg3",
            "security_rule": [
              {
                "access": "Allow",
                "description": "",
                "destination_address_prefix": "*",
                "destination_address_prefixes": [],
                "destination_application_security_group_ids": [],
                "destination_port_range": "22",
                "destination_port_ranges": [],
                "direction": "Inbound",
                "name": "Allow-SSH",
                "priority": 1000,
                "protocol": "Tcp",
                "source_address_prefix": "*",
                "source_address_prefixes": [],
                "source_application_security_group_ids": [],
                "source_port_range": "*",
                "source_port_ranges": []
              }
            ],
            "tags": {},
            "timeouts": null
          },
          "sensitive_attributes": [],
          "private": "eyJlMmJmYjczMC1lY2FhLTExZTYtOGY4OC0zNDM2M2JjN2M0YzAiOnsiY3JlYXRlIjoxODAwMDAwMDAwMDAwLCJkZWxldGUiOjE4MDAwMDAwMDAwMDAsInJlYWQiOjMwMDAwMDAwMDAwMCwidXBkYXRlIjoxODAwMDAwMDAwMDAwfX0="
        }
      ]
    },
    {
      "module": "module.network",
      "mode": "managed",
      "type": "azurerm_network_security_rule",
      "name": "allow_ssh",
      "provider": "provider[\"registry.terraform.io/hashicorp/azurerm\"]",
      "instances": [
        {
          "schema_version": 0,
          "attributes": {
            "access": "Allow",
            "description": "",
            "destination_address_prefix": "*",
            "destination_address_prefixes": [],
            "destination_application_security_group_ids": [],
            "destination_port_range": "22",
            "destination_port_ranges": [],
            "direction": "Inbound",
            "id": "/subscriptions/ed8a2935-a70e-4e89-be56-c1efb9bd4e7e/resourceGroups/tfrg3/providers/Microsoft.Network/networkSecurityGroups/tfrg3-nsg/securityRules/Allow-SSH",
            "name": "Allow-SSH",
            "network_security_group_name": "tfrg3-nsg",
            "priority": 1000,
            "protocol": "Tcp",
            "resource_group_name": "tfrg3",
            "source_address_prefix": "*",
            "source_address_prefixes": [],
            "source_application_security_group_ids": [],
            "source_port_range": "*",
            "source_port_ranges": [],
            "timeouts": null
          },
          "sensitive_attributes": [],
          "private": "eyJlMmJmYjczMC1lY2FhLTExZTYtOGY4OC0zNDM2M2JjN2M0YzAiOnsiY3JlYXRlIjoxODAwMDAwMDAwMDAwLCJkZWxldGUiOjE4MDAwMDAwMDAwMDAsInJlYWQiOjMwMDAwMDAwMDAwMCwidXBkYXRlIjoxODAwMDAwMDAwMDAwfX0=",
          "dependencies": [
            "module.network.azurerm_network_security_group.tfrg3_nsg",
            "module.network.azurerm_resource_group.module_rg"
          ]
        }
      ]
    },
    {
      "module": "module.network",
      "mode": "managed",
      "type": "azurerm_public_ip",
      "name": "public_ip",
      "provider": "provider[\"registry.terraform.io/hashicorp/azurerm\"]",
      "instances": [
        {
          "schema_version": 0,
          "attributes": {
            "allocation_method": "Static",
            "ddos_protection_mode": "VirtualNetworkInherited",
            "ddos_protection_plan_id": null,
            "domain_name_label": null,
            "edge_zone": "",
            "fqdn": null,
            "id": "/subscriptions/ed8a2935-a70e-4e89-be56-c1efb9bd4e7e/resourceGroups/tfrg3/providers/Microsoft.Network/publicIPAddresses/tfrg3nic-public-ip",
            "idle_timeout_in_minutes": 4,
            "ip_address": "74.225.190.132",
            "ip_tags": {},
            "ip_version": "IPv4",
            "location": "centralindia",
            "name": "tfrg3nic-public-ip",
            "public_ip_prefix_id": null,
            "resource_group_name": "tfrg3",
            "reverse_fqdn": null,
            "sku": "Standard",
            "sku_tier": "Regional",
            "tags": {},
            "timeouts": null,
            "zones": []
          },
          "sensitive_attributes": [],
          "private": "eyJlMmJmYjczMC1lY2FhLTExZTYtOGY4OC0zNDM2M2JjN2M0YzAiOnsiY3JlYXRlIjoxODAwMDAwMDAwMDAwLCJkZWxldGUiOjE4MDAwMDAwMDAwMDAsInJlYWQiOjMwMDAwMDAwMDAwMCwidXBkYXRlIjoxODAwMDAwMDAwMDAwfX0=",
          "dependencies": [
            "module.network.azurerm_resource_group.module_rg"
          ]
        }
      ]
    },
    {
      "module": "module.network",
      "mode": "managed",
      "type": "azurerm_resource_group",
      "name": "module_rg",
      "provider": "provider[\"registry.terraform.io/hashicorp/azurerm\"]",
      "instances": [
        {
          "schema_version": 0,
          "attributes": {
            "id": "/subscriptions/ed8a2935-a70e-4e89-be56-c1efb9bd4e7e/resourceGroups/tfrg3",
            "location": "centralindia",
            "managed_by": "",
            "name": "tfrg3",
            "tags": {},
            "timeouts": null
          },
          "sensitive_attributes": [],
          "private": "eyJlMmJmYjczMC1lY2FhLTExZTYtOGY4OC0zNDM2M2JjN2M0YzAiOnsiY3JlYXRlIjo1NDAwMDAwMDAwMDAwLCJkZWxldGUiOjU0MDAwMDAwMDAwMDAsInJlYWQiOjMwMDAwMDAwMDAwMCwidXBkYXRlIjo1NDAwMDAwMDAwMDAwfX0="
        }
      ]
    },
    {
      "module": "module.network",
      "mode": "managed",
      "type": "azurerm_subnet",
      "name": "module_subnet",
      "provider": "provider[\"registry.terraform.io/hashicorp/azurerm\"]",
      "instances": [
        {
          "schema_version": 0,
          "attributes": {
            "address_prefixes": [
              "10.0.0.0/24"
            ],
            "default_outbound_access_enabled": true,
            "delegation": [],
            "id": "/subscriptions/ed8a2935-a70e-4e89-be56-c1efb9bd4e7e/resourceGroups/tfrg3/providers/Microsoft.Network/virtualNetworks/tfrg3vnet/subnets/tfrg3subnet",
            "name": "tfrg3subnet",
            "private_endpoint_network_policies": "Disabled",
            "private_link_service_network_policies_enabled": true,
            "resource_group_name": "tfrg3",
            "service_endpoint_policy_ids": [],
            "service_endpoints": [],
            "timeouts": null,
            "virtual_network_name": "tfrg3vnet"
          },
          "sensitive_attributes": [],
          "private": "eyJlMmJmYjczMC1lY2FhLTExZTYtOGY4OC0zNDM2M2JjN2M0YzAiOnsiY3JlYXRlIjoxODAwMDAwMDAwMDAwLCJkZWxldGUiOjE4MDAwMDAwMDAwMDAsInJlYWQiOjMwMDAwMDAwMDAwMCwidXBkYXRlIjoxODAwMDAwMDAwMDAwfX0=",
          "dependencies": [
            "module.network.azurerm_resource_group.module_rg",
            "module.network.azurerm_virtual_network.module_vnet"
          ]
        }
      ]
    },
    {
      "module": "module.network",
      "mode": "managed",
      "type": "azurerm_virtual_network",
      "name": "module_vnet",
      "provider": "provider[\"registry.terraform.io/hashicorp/azurerm\"]",
      "instances": [
        {
          "schema_version": 0,
          "attributes": {
            "address_space": [
              "10.0.0.0/16"
            ],
            "bgp_community": "",
            "ddos_protection_plan": [],
            "dns_servers": [],
            "edge_zone": "",
            "encryption": [],
            "flow_timeout_in_minutes": 0,
            "guid": "d41f2361-0932-4615-8bf5-08899a2ec485",
            "id": "/subscriptions/ed8a2935-a70e-4e89-be56-c1efb9bd4e7e/resourceGroups/tfrg3/providers/Microsoft.Network/virtualNetworks/tfrg3vnet",
            "location": "centralindia",
            "name": "tfrg3vnet",
            "resource_group_name": "tfrg3",
            "subnet": [
              {
                "address_prefixes": [
                  "10.0.0.0/24"
                ],
                "default_outbound_access_enabled": true,
                "delegation": [],
                "id": "/subscriptions/ed8a2935-a70e-4e89-be56-c1efb9bd4e7e/resourceGroups/tfrg3/providers/Microsoft.Network/virtualNetworks/tfrg3vnet/subnets/tfrg3subnet",
                "name": "tfrg3subnet",
                "private_endpoint_network_policies": "Disabled",
                "private_link_service_network_policies_enabled": true,
                "route_table_id": "",
                "security_group": "",
                "service_endpoint_policy_ids": [],
                "service_endpoints": []
              }
            ],
            "tags": {},
            "timeouts": null
          },
          "sensitive_attributes": [],
          "private": "eyJlMmJmYjczMC1lY2FhLTExZTYtOGY4OC0zNDM2M2JjN2M0YzAiOnsiY3JlYXRlIjoxODAwMDAwMDAwMDAwLCJkZWxldGUiOjE4MDAwMDAwMDAwMDAsInJlYWQiOjMwMDAwMDAwMDAwMCwidXBkYXRlIjoxODAwMDAwMDAwMDAwfX0=",
          "dependencies": [
            "module.network.azurerm_resource_group.module_rg"
          ]
        }
      ]
    },
    {
      "module": "module.vm",
      "mode": "managed",
      "type": "azurerm_linux_virtual_machine",
      "name": "tf_vm",
      "provider": "provider[\"registry.terraform.io/hashicorp/azurerm\"]",
      "instances": [
        {
          "schema_version": 0,
          "attributes": {
            "additional_capabilities": [],
            "admin_password": "server@12345",
            "admin_ssh_key": [],
            "admin_username": "tfrg3vm",
            "allow_extension_operations": true,
            "availability_set_id": "",
            "boot_diagnostics": [],
            "bypass_platform_safety_checks_on_user_schedule_enabled": false,
            "capacity_reservation_group_id": "",
            "computer_name": "tfrg3virtualname",
            "custom_data": null,
            "dedicated_host_group_id": "",
            "dedicated_host_id": "",
            "disable_password_authentication": false,
            "disk_controller_type": "",
            "edge_zone": "",
            "encryption_at_host_enabled": false,
            "eviction_policy": "",
            "extensions_time_budget": "PT1H30M",
            "gallery_application": [],
            "id": "/subscriptions/ed8a2935-a70e-4e89-be56-c1efb9bd4e7e/resourceGroups/tfrg3/providers/Microsoft.Compute/virtualMachines/tfrg3virtualname",
            "identity": [],
            "license_type": "",
            "location": "centralindia",
            "max_bid_price": -1,
            "name": "tfrg3virtualname",
            "network_interface_ids": [
              "/subscriptions/ed8a2935-a70e-4e89-be56-c1efb9bd4e7e/resourceGroups/tfrg3/providers/Microsoft.Network/networkInterfaces/tfrg3nic"
            ],
            "os_disk": [
              {
                "caching": "ReadWrite",
                "diff_disk_settings": [],
                "disk_encryption_set_id": "",
                "disk_size_gb": 30,
                "name": "tfrg3virtualname_disk1_eb22dee8489b40c59705b8d3fd2e71d6",
                "secure_vm_disk_encryption_set_id": "",
                "security_encryption_type": "",
                "storage_account_type": "Standard_LRS",
                "write_accelerator_enabled": false
              }
            ],
            "os_image_notification": [],
            "patch_assessment_mode": "ImageDefault",
            "patch_mode": "ImageDefault",
            "plan": [],
            "platform_fault_domain": -1,
            "priority": "Regular",
            "private_ip_address": "10.0.0.4",
            "private_ip_addresses": [
              "10.0.0.4"
            ],
            "provision_vm_agent": true,
            "proximity_placement_group_id": "",
            "public_ip_address": "74.225.190.132",
            "public_ip_addresses": [
              "74.225.190.132"
            ],
            "reboot_setting": "",
            "resource_group_name": "tfrg3",
            "secret": [],
            "secure_boot_enabled": false,
            "size": "Standard_DS1_v2",
            "source_image_id": "",
            "source_image_reference": [
              {
                "offer": "UbuntuServer",
                "publisher": "Canonical",
                "sku": "18.04-LTS",
                "version": "latest"
              }
            ],
            "tags": {},
            "termination_notification": [],
            "timeouts": null,
            "user_data": "",
            "virtual_machine_id": "987ede97-3647-4cd1-b308-bbbf4cf369f9",
            "virtual_machine_scale_set_id": "",
            "vm_agent_platform_updates_enabled": false,
            "vtpm_enabled": false,
            "zone": ""
          },
          "sensitive_attributes": [
            [
              {
                "type": "get_attr",
                "value": "custom_data"
              }
            ],
            [
              {
                "type": "get_attr",
                "value": "admin_password"
              }
            ]
          ],
          "private": "eyJlMmJmYjczMC1lY2FhLTExZTYtOGY4OC0zNDM2M2JjN2M0YzAiOnsiY3JlYXRlIjoyNzAwMDAwMDAwMDAwLCJkZWxldGUiOjI3MDAwMDAwMDAwMDAsInJlYWQiOjMwMDAwMDAwMDAwMCwidXBkYXRlIjoyNzAwMDAwMDAwMDAwfX0=",
          "dependencies": [
            "module.network.azurerm_network_interface.tfrg3_nic",
            "module.network.azurerm_public_ip.public_ip",
            "module.network.azurerm_resource_group.module_rg",
            "module.network.azurerm_subnet.module_subnet",
            "module.network.azurerm_virtual_network.module_vnet"
          ]
        }
      ]
    }
  ],
  "check_results": null
}
